
Microsoft Visual Studio Solution File, Format Version 12.00
# Visual Studio Version 17
VisualStudioVersion = 17.6.33815.320
MinimumVisualStudioVersion = 10.0.40219.1
Project("{8BC9CEB8-8B4A-11D0-8D11-00A0C91BC942}") = "Project1", "Project1\Project1.vcxproj", "{DBCD8E3D-EDE8-4FF3-9CA6-ED83FB101FB1}"
EndProject
Global
	GlobalSection(SolutionConfigurationPlatforms) = preSolution
		Debug|x64 = Debug|x64
		Debug|x86 = Debug|x86
		Release|x64 = Release|x64
		Release|x86 = Release|x86
	EndGlobalSection
	GlobalSection(ProjectConfigurationPlatforms) = postSolution
		{DBCD8E3D-EDE8-4FF3-9CA6-ED83FB101FB1}.Debug|x64.ActiveCfg = Debug|x64
		{DBCD8E3D-EDE8-4FF3-9CA6-ED83FB101FB1}.Debug|x64.Build.0 = Debug|x64
		{DBCD8E3D-EDE8-4FF3-9CA6-ED83FB101FB1}.Debug|x86.ActiveCfg = Debug|Win32
		{DBCD8E3D-EDE8-4FF3-9CA6-ED83FB101FB1}.Debug|x86.Build.0 = Debug|Win32
		{DBCD8E3D-EDE8-4FF3-9CA6-ED83FB101FB1}.Release|x64.ActiveCfg = Release|x64
		{DBCD8E3D-EDE8-4FF3-9CA6-ED83FB101FB1}.Release|x64.Build.0 = Release|x64
		{DBCD8E3D-EDE8-4FF3-9CA6-ED83FB101FB1}.Release|x86.ActiveCfg = Release|Win32
		{DBCD8E3D-EDE8-4FF3-9CA6-ED83FB101FB1}.Release|x86.Build.0 = Release|Win32
	EndGlobalSection
	GlobalSection(SolutionProperties) = preSolution
		HideSolutionNode = FALSE
	EndGlobalSection
	GlobalSection(ExtensibilityGlobals) = postSolution
		SolutionGuid = {798AB432-1A81-4321-8782-B8C50C58F32C}
	EndGlobalSection
EndGlobal
